
Microsoft Visual Studio Solution File, Format Version 12.00
# Visual Studio 14
VisualStudioVersion = 14.0.23107.0
MinimumVisualStudioVersion = 10.0.40219.1
Project("{FAE04EC0-301F-11D3-BF4B-00C04F79EFBC}") = "Elpis.Wpf", "Elpis\Elpis.Wpf.csproj", "{F19D43F0-5E7A-4B5C-A5D8-1B683218730B}"
EndProject
Project("{2150E333-8FDC-42A3-9474-1A3956D46DE8}") = "Libs", "Libs", "{CC987F15-1B4B-4F63-95F5-E2E554C11986}"
EndProject
Project("{FAE04EC0-301F-11D3-BF4B-00C04F79EFBC}") = "Elpis.BassPlayer", "Libs\BassPlayer\Elpis.BassPlayer.csproj", "{D054F1ED-6A9C-4C4D-B500-7C1AF01F16C9}"
EndProject
Project("{FAE04EC0-301F-11D3-BF4B-00C04F79EFBC}") = "Elpis.PandoraSharp", "Libs\PandoraSharp\Elpis.PandoraSharp.csproj", "{64DD2B7D-9069-41FF-A4E4-732F6DF82F09}"
EndProject
Project("{FAE04EC0-301F-11D3-BF4B-00C04F79EFBC}") = "Elpis.PandoraSharpPlayer", "Libs\PandoraSharpPlayer\Elpis.PandoraSharpPlayer.csproj", "{D49B479D-3D9A-4F03-A859-9E0C3A615326}"
EndProject
Project("{FAE04EC0-301F-11D3-BF4B-00C04F79EFBC}") = "Elpis.Util", "Libs\Util\Elpis.Util.csproj", "{A79647D6-4A05-4382-8B6E-4FEC154C3222}"
EndProject
Project("{FAE04EC0-301F-11D3-BF4B-00C04F79EFBC}") = "Elpis.PandoraSharpTest", "PandoraSharpTest\Elpis.PandoraSharpTest.csproj", "{85EE7CF0-7B4B-4820-971E-154BC9BEF28D}"
EndProject
Project("{2150E333-8FDC-42A3-9474-1A3956D46DE8}") = "Test", "Test", "{E7A90687-1511-4764-AEC7-EE47630FABF6}"
EndProject
Project("{2150E333-8FDC-42A3-9474-1A3956D46DE8}") = "Solution Items", "Solution Items", "{7A6F54FC-8F15-491D-9BE0-15DD50C3E174}"
	ProjectSection(SolutionItems) = preProject
		ChangeLog.txt = ChangeLog.txt
		README.md = README.md
	EndProjectSection
EndProject
Project("{FAE04EC0-301F-11D3-BF4B-00C04F79EFBC}") = "Elpis.RequestDecrypter", "RequestDecrypter\Elpis.RequestDecrypter.csproj", "{B4B2C2FD-9FE7-48A9-BBC5-4D1FF1045E2A}"
EndProject
Project("{FAE04EC0-301F-11D3-BF4B-00C04F79EFBC}") = "Elpis.PlayerControlQuery", "Libs\PlayerControlQuery\Elpis.PlayerControlQuery.csproj", "{E252FF08-F527-4A42-9A69-D28F4AE6052D}"
EndProject
Project("{FAE04EC0-301F-11D3-BF4B-00C04F79EFBC}") = "Elpis.PandoraSharpScrobbler", "Libs\PandoraSharpScrobbler\Elpis.PandoraSharpScrobbler.csproj", "{19FB9DF6-5C82-439D-94C7-521E6EAF3FF3}"
EndProject
Project("{FAE04EC0-301F-11D3-BF4B-00C04F79EFBC}") = "Elpis.Lpfm.LastFmScrobbler", "Libs\LastFmScrobbler\Elpis.Lpfm.LastFmScrobbler.csproj", "{BA7F7E8A-B089-4323-8C8D-F406E7AFCDBE}"
EndProject
Project("{FAE04EC0-301F-11D3-BF4B-00C04F79EFBC}") = "Elpis.Kayak", "Libs\kayak\Kayak\Elpis.Kayak.csproj", "{79DDD0CE-6F79-4212-A972-8618AD6E405F}"
EndProject
Project("{54435603-DBB4-11D2-8724-00A0C9A8B90C}") = "Elpis.Wizard", "Elpis.Wizard\Elpis.Wizard.vdproj", "{DF1A76F7-8E5D-462E-A692-BAE1FF232B3C}"
EndProject
Global
	GlobalSection(SolutionConfigurationPlatforms) = preSolution
		AppRelease|Any CPU = AppRelease|Any CPU
		AppRelease|Mixed Platforms = AppRelease|Mixed Platforms
		AppRelease|x64 = AppRelease|x64
		AppRelease|x86 = AppRelease|x86
		CD_ROM|Any CPU = CD_ROM|Any CPU
		CD_ROM|Mixed Platforms = CD_ROM|Mixed Platforms
		CD_ROM|x64 = CD_ROM|x64
		CD_ROM|x86 = CD_ROM|x86
		Debug|Any CPU = Debug|Any CPU
		Debug|Mixed Platforms = Debug|Mixed Platforms
		Debug|x64 = Debug|x64
		Debug|x86 = Debug|x86
		DVD-5|Any CPU = DVD-5|Any CPU
		DVD-5|Mixed Platforms = DVD-5|Mixed Platforms
		DVD-5|x64 = DVD-5|x64
		DVD-5|x86 = DVD-5|x86
		Release|Any CPU = Release|Any CPU
		Release|Mixed Platforms = Release|Mixed Platforms
		Release|x64 = Release|x64
		Release|x86 = Release|x86
		SingleImage|Any CPU = SingleImage|Any CPU
		SingleImage|Mixed Platforms = SingleImage|Mixed Platforms
		SingleImage|x64 = SingleImage|x64
		SingleImage|x86 = SingleImage|x86
	EndGlobalSection
	GlobalSection(ProjectConfigurationPlatforms) = postSolution
		{F19D43F0-5E7A-4B5C-A5D8-1B683218730B}.AppRelease|Any CPU.ActiveCfg = AppRelease|x86
		{F19D43F0-5E7A-4B5C-A5D8-1B683218730B}.AppRelease|Mixed Platforms.ActiveCfg = AppRelease|x86
		{F19D43F0-5E7A-4B5C-A5D8-1B683218730B}.AppRelease|Mixed Platforms.Build.0 = AppRelease|x86
		{F19D43F0-5E7A-4B5C-A5D8-1B683218730B}.AppRelease|x64.ActiveCfg = AppRelease|x86
		{F19D43F0-5E7A-4B5C-A5D8-1B683218730B}.AppRelease|x86.ActiveCfg = AppRelease|x86
		{F19D43F0-5E7A-4B5C-A5D8-1B683218730B}.AppRelease|x86.Build.0 = AppRelease|x86
		{F19D43F0-5E7A-4B5C-A5D8-1B683218730B}.CD_ROM|Any CPU.ActiveCfg = AppBeta|x86
		{F19D43F0-5E7A-4B5C-A5D8-1B683218730B}.CD_ROM|Any CPU.Build.0 = AppBeta|x86
		{F19D43F0-5E7A-4B5C-A5D8-1B683218730B}.CD_ROM|Mixed Platforms.ActiveCfg = AppBeta|x86
		{F19D43F0-5E7A-4B5C-A5D8-1B683218730B}.CD_ROM|Mixed Platforms.Build.0 = AppBeta|x86
		{F19D43F0-5E7A-4B5C-A5D8-1B683218730B}.CD_ROM|x64.ActiveCfg = AppBeta|x86
		{F19D43F0-5E7A-4B5C-A5D8-1B683218730B}.CD_ROM|x64.Build.0 = AppBeta|x86
		{F19D43F0-5E7A-4B5C-A5D8-1B683218730B}.CD_ROM|x86.ActiveCfg = AppBeta|x86
		{F19D43F0-5E7A-4B5C-A5D8-1B683218730B}.CD_ROM|x86.Build.0 = AppBeta|x86
		{F19D43F0-5E7A-4B5C-A5D8-1B683218730B}.Debug|Any CPU.ActiveCfg = Debug|x86
		{F19D43F0-5E7A-4B5C-A5D8-1B683218730B}.Debug|Mixed Platforms.ActiveCfg = Debug|x86
		{F19D43F0-5E7A-4B5C-A5D8-1B683218730B}.Debug|Mixed Platforms.Build.0 = Debug|x86
		{F19D43F0-5E7A-4B5C-A5D8-1B683218730B}.Debug|x64.ActiveCfg = Debug|x86
		{F19D43F0-5E7A-4B5C-A5D8-1B683218730B}.Debug|x86.ActiveCfg = Debug|x86
		{F19D43F0-5E7A-4B5C-A5D8-1B683218730B}.Debug|x86.Build.0 = Debug|x86
		{F19D43F0-5E7A-4B5C-A5D8-1B683218730B}.DVD-5|Any CPU.ActiveCfg = AppBeta|x86
		{F19D43F0-5E7A-4B5C-A5D8-1B683218730B}.DVD-5|Any CPU.Build.0 = AppBeta|x86
		{F19D43F0-5E7A-4B5C-A5D8-1B683218730B}.DVD-5|Mixed Platforms.ActiveCfg = Debug|x86
		{F19D43F0-5E7A-4B5C-A5D8-1B683218730B}.DVD-5|Mixed Platforms.Build.0 = Debug|x86
		{F19D43F0-5E7A-4B5C-A5D8-1B683218730B}.DVD-5|x64.ActiveCfg = AppBeta|x86
		{F19D43F0-5E7A-4B5C-A5D8-1B683218730B}.DVD-5|x64.Build.0 = AppBeta|x86
		{F19D43F0-5E7A-4B5C-A5D8-1B683218730B}.DVD-5|x86.ActiveCfg = Debug|x86
		{F19D43F0-5E7A-4B5C-A5D8-1B683218730B}.DVD-5|x86.Build.0 = Debug|x86
		{F19D43F0-5E7A-4B5C-A5D8-1B683218730B}.Release|Any CPU.ActiveCfg = Release|x86
		{F19D43F0-5E7A-4B5C-A5D8-1B683218730B}.Release|Mixed Platforms.ActiveCfg = Release|x86
		{F19D43F0-5E7A-4B5C-A5D8-1B683218730B}.Release|Mixed Platforms.Build.0 = Release|x86
		{F19D43F0-5E7A-4B5C-A5D8-1B683218730B}.Release|x64.ActiveCfg = Release|x86
		{F19D43F0-5E7A-4B5C-A5D8-1B683218730B}.Release|x86.ActiveCfg = Release|x86
		{F19D43F0-5E7A-4B5C-A5D8-1B683218730B}.Release|x86.Build.0 = Release|x86
		{F19D43F0-5E7A-4B5C-A5D8-1B683218730B}.SingleImage|Any CPU.ActiveCfg = AppBeta|x86
		{F19D43F0-5E7A-4B5C-A5D8-1B683218730B}.SingleImage|Any CPU.Build.0 = AppBeta|x86
		{F19D43F0-5E7A-4B5C-A5D8-1B683218730B}.SingleImage|Mixed Platforms.ActiveCfg = AppBeta|x86
		{F19D43F0-5E7A-4B5C-A5D8-1B683218730B}.SingleImage|Mixed Platforms.Build.0 = AppBeta|x86
		{F19D43F0-5E7A-4B5C-A5D8-1B683218730B}.SingleImage|x64.ActiveCfg = AppBeta|x86
		{F19D43F0-5E7A-4B5C-A5D8-1B683218730B}.SingleImage|x64.Build.0 = AppBeta|x86
		{F19D43F0-5E7A-4B5C-A5D8-1B683218730B}.SingleImage|x86.ActiveCfg = AppBeta|x86
		{F19D43F0-5E7A-4B5C-A5D8-1B683218730B}.SingleImage|x86.Build.0 = AppBeta|x86
		{D054F1ED-6A9C-4C4D-B500-7C1AF01F16C9}.AppRelease|Any CPU.ActiveCfg = AppRelease|x86
		{D054F1ED-6A9C-4C4D-B500-7C1AF01F16C9}.AppRelease|Mixed Platforms.ActiveCfg = AppRelease|x86
		{D054F1ED-6A9C-4C4D-B500-7C1AF01F16C9}.AppRelease|Mixed Platforms.Build.0 = AppRelease|x86
		{D054F1ED-6A9C-4C4D-B500-7C1AF01F16C9}.AppRelease|x64.ActiveCfg = AppRelease|x86
		{D054F1ED-6A9C-4C4D-B500-7C1AF01F16C9}.AppRelease|x86.ActiveCfg = AppRelease|x86
		{D054F1ED-6A9C-4C4D-B500-7C1AF01F16C9}.AppRelease|x86.Build.0 = AppRelease|x86
		{D054F1ED-6A9C-4C4D-B500-7C1AF01F16C9}.CD_ROM|Any CPU.ActiveCfg = AppBeta|x86
		{D054F1ED-6A9C-4C4D-B500-7C1AF01F16C9}.CD_ROM|Any CPU.Build.0 = AppBeta|x86
		{D054F1ED-6A9C-4C4D-B500-7C1AF01F16C9}.CD_ROM|Mixed Platforms.ActiveCfg = AppBeta|x86
		{D054F1ED-6A9C-4C4D-B500-7C1AF01F16C9}.CD_ROM|Mixed Platforms.Build.0 = AppBeta|x86
		{D054F1ED-6A9C-4C4D-B500-7C1AF01F16C9}.CD_ROM|x64.ActiveCfg = AppBeta|x86
		{D054F1ED-6A9C-4C4D-B500-7C1AF01F16C9}.CD_ROM|x64.Build.0 = AppBeta|x86
		{D054F1ED-6A9C-4C4D-B500-7C1AF01F16C9}.CD_ROM|x86.ActiveCfg = AppBeta|x86
		{D054F1ED-6A9C-4C4D-B500-7C1AF01F16C9}.CD_ROM|x86.Build.0 = AppBeta|x86
		{D054F1ED-6A9C-4C4D-B500-7C1AF01F16C9}.Debug|Any CPU.ActiveCfg = Debug|x86
		{D054F1ED-6A9C-4C4D-B500-7C1AF01F16C9}.Debug|Mixed Platforms.ActiveCfg = Debug|x86
		{D054F1ED-6A9C-4C4D-B500-7C1AF01F16C9}.Debug|Mixed Platforms.Build.0 = Debug|x86
		{D054F1ED-6A9C-4C4D-B500-7C1AF01F16C9}.Debug|x64.ActiveCfg = Debug|x86
		{D054F1ED-6A9C-4C4D-B500-7C1AF01F16C9}.Debug|x86.ActiveCfg = Debug|x86
		{D054F1ED-6A9C-4C4D-B500-7C1AF01F16C9}.Debug|x86.Build.0 = Debug|x86
		{D054F1ED-6A9C-4C4D-B500-7C1AF01F16C9}.DVD-5|Any CPU.ActiveCfg = AppBeta|x86
		{D054F1ED-6A9C-4C4D-B500-7C1AF01F16C9}.DVD-5|Any CPU.Build.0 = AppBeta|x86
		{D054F1ED-6A9C-4C4D-B500-7C1AF01F16C9}.DVD-5|Mixed Platforms.ActiveCfg = Debug|x86
		{D054F1ED-6A9C-4C4D-B500-7C1AF01F16C9}.DVD-5|Mixed Platforms.Build.0 = Debug|x86
		{D054F1ED-6A9C-4C4D-B500-7C1AF01F16C9}.DVD-5|x64.ActiveCfg = AppBeta|x86
		{D054F1ED-6A9C-4C4D-B500-7C1AF01F16C9}.DVD-5|x64.Build.0 = AppBeta|x86
		{D054F1ED-6A9C-4C4D-B500-7C1AF01F16C9}.DVD-5|x86.ActiveCfg = Debug|x86
		{D054F1ED-6A9C-4C4D-B500-7C1AF01F16C9}.DVD-5|x86.Build.0 = Debug|x86
		{D054F1ED-6A9C-4C4D-B500-7C1AF01F16C9}.Release|Any CPU.ActiveCfg = Release|x86
		{D054F1ED-6A9C-4C4D-B500-7C1AF01F16C9}.Release|Mixed Platforms.ActiveCfg = Release|x86
		{D054F1ED-6A9C-4C4D-B500-7C1AF01F16C9}.Release|Mixed Platforms.Build.0 = Release|x86
		{D054F1ED-6A9C-4C4D-B500-7C1AF01F16C9}.Release|x64.ActiveCfg = Release|x86
		{D054F1ED-6A9C-4C4D-B500-7C1AF01F16C9}.Release|x86.ActiveCfg = Release|x86
		{D054F1ED-6A9C-4C4D-B500-7C1AF01F16C9}.Release|x86.Build.0 = Release|x86
		{D054F1ED-6A9C-4C4D-B500-7C1AF01F16C9}.SingleImage|Any CPU.ActiveCfg = AppBeta|x86
		{D054F1ED-6A9C-4C4D-B500-7C1AF01F16C9}.SingleImage|Any CPU.Build.0 = AppBeta|x86
		{D054F1ED-6A9C-4C4D-B500-7C1AF01F16C9}.SingleImage|Mixed Platforms.ActiveCfg = AppBeta|x86
		{D054F1ED-6A9C-4C4D-B500-7C1AF01F16C9}.SingleImage|Mixed Platforms.Build.0 = AppBeta|x86
		{D054F1ED-6A9C-4C4D-B500-7C1AF01F16C9}.SingleImage|x64.ActiveCfg = AppBeta|x86
		{D054F1ED-6A9C-4C4D-B500-7C1AF01F16C9}.SingleImage|x64.Build.0 = AppBeta|x86
		{D054F1ED-6A9C-4C4D-B500-7C1AF01F16C9}.SingleImage|x86.ActiveCfg = AppBeta|x86
		{D054F1ED-6A9C-4C4D-B500-7C1AF01F16C9}.SingleImage|x86.Build.0 = AppBeta|x86
		{64DD2B7D-9069-41FF-A4E4-732F6DF82F09}.AppRelease|Any CPU.ActiveCfg = AppRelease|x86
		{64DD2B7D-9069-41FF-A4E4-732F6DF82F09}.AppRelease|Mixed Platforms.ActiveCfg = AppRelease|x86
		{64DD2B7D-9069-41FF-A4E4-732F6DF82F09}.AppRelease|Mixed Platforms.Build.0 = AppRelease|x86
		{64DD2B7D-9069-41FF-A4E4-732F6DF82F09}.AppRelease|x64.ActiveCfg = AppRelease|x86
		{64DD2B7D-9069-41FF-A4E4-732F6DF82F09}.AppRelease|x86.ActiveCfg = AppRelease|x86
		{64DD2B7D-9069-41FF-A4E4-732F6DF82F09}.AppRelease|x86.Build.0 = AppRelease|x86
		{64DD2B7D-9069-41FF-A4E4-732F6DF82F09}.CD_ROM|Any CPU.ActiveCfg = AppBeta|x86
		{64DD2B7D-9069-41FF-A4E4-732F6DF82F09}.CD_ROM|Any CPU.Build.0 = AppBeta|x86
		{64DD2B7D-9069-41FF-A4E4-732F6DF82F09}.CD_ROM|Mixed Platforms.ActiveCfg = AppBeta|x86
		{64DD2B7D-9069-41FF-A4E4-732F6DF82F09}.CD_ROM|Mixed Platforms.Build.0 = AppBeta|x86
		{64DD2B7D-9069-41FF-A4E4-732F6DF82F09}.CD_ROM|x64.ActiveCfg = AppBeta|x86
		{64DD2B7D-9069-41FF-A4E4-732F6DF82F09}.CD_ROM|x64.Build.0 = AppBeta|x86
		{64DD2B7D-9069-41FF-A4E4-732F6DF82F09}.CD_ROM|x86.ActiveCfg = AppBeta|x86
		{64DD2B7D-9069-41FF-A4E4-732F6DF82F09}.CD_ROM|x86.Build.0 = AppBeta|x86
		{64DD2B7D-9069-41FF-A4E4-732F6DF82F09}.Debug|Any CPU.ActiveCfg = Debug|x86
		{64DD2B7D-9069-41FF-A4E4-732F6DF82F09}.Debug|Mixed Platforms.ActiveCfg = Debug|x86
		{64DD2B7D-9069-41FF-A4E4-732F6DF82F09}.Debug|Mixed Platforms.Build.0 = Debug|x86
		{64DD2B7D-9069-41FF-A4E4-732F6DF82F09}.Debug|x64.ActiveCfg = Debug|x86
		{64DD2B7D-9069-41FF-A4E4-732F6DF82F09}.Debug|x86.ActiveCfg = Debug|x86
		{64DD2B7D-9069-41FF-A4E4-732F6DF82F09}.Debug|x86.Build.0 = Debug|x86
		{64DD2B7D-9069-41FF-A4E4-732F6DF82F09}.DVD-5|Any CPU.ActiveCfg = AppBeta|x86
		{64DD2B7D-9069-41FF-A4E4-732F6DF82F09}.DVD-5|Any CPU.Build.0 = AppBeta|x86
		{64DD2B7D-9069-41FF-A4E4-732F6DF82F09}.DVD-5|Mixed Platforms.ActiveCfg = Debug|x86
		{64DD2B7D-9069-41FF-A4E4-732F6DF82F09}.DVD-5|Mixed Platforms.Build.0 = Debug|x86
		{64DD2B7D-9069-41FF-A4E4-732F6DF82F09}.DVD-5|x64.ActiveCfg = AppBeta|x86
		{64DD2B7D-9069-41FF-A4E4-732F6DF82F09}.DVD-5|x64.Build.0 = AppBeta|x86
		{64DD2B7D-9069-41FF-A4E4-732F6DF82F09}.DVD-5|x86.ActiveCfg = Debug|x86
		{64DD2B7D-9069-41FF-A4E4-732F6DF82F09}.DVD-5|x86.Build.0 = Debug|x86
		{64DD2B7D-9069-41FF-A4E4-732F6DF82F09}.Release|Any CPU.ActiveCfg = Release|x86
		{64DD2B7D-9069-41FF-A4E4-732F6DF82F09}.Release|Mixed Platforms.ActiveCfg = Release|x86
		{64DD2B7D-9069-41FF-A4E4-732F6DF82F09}.Release|Mixed Platforms.Build.0 = Release|x86
		{64DD2B7D-9069-41FF-A4E4-732F6DF82F09}.Release|x64.ActiveCfg = Release|x86
		{64DD2B7D-9069-41FF-A4E4-732F6DF82F09}.Release|x86.ActiveCfg = Release|x86
		{64DD2B7D-9069-41FF-A4E4-732F6DF82F09}.Release|x86.Build.0 = Release|x86
		{64DD2B7D-9069-41FF-A4E4-732F6DF82F09}.SingleImage|Any CPU.ActiveCfg = AppBeta|x86
		{64DD2B7D-9069-41FF-A4E4-732F6DF82F09}.SingleImage|Any CPU.Build.0 = AppBeta|x86
		{64DD2B7D-9069-41FF-A4E4-732F6DF82F09}.SingleImage|Mixed Platforms.ActiveCfg = AppBeta|x86
		{64DD2B7D-9069-41FF-A4E4-732F6DF82F09}.SingleImage|Mixed Platforms.Build.0 = AppBeta|x86
		{64DD2B7D-9069-41FF-A4E4-732F6DF82F09}.SingleImage|x64.ActiveCfg = AppBeta|x86
		{64DD2B7D-9069-41FF-A4E4-732F6DF82F09}.SingleImage|x64.Build.0 = AppBeta|x86
		{64DD2B7D-9069-41FF-A4E4-732F6DF82F09}.SingleImage|x86.ActiveCfg = AppBeta|x86
		{64DD2B7D-9069-41FF-A4E4-732F6DF82F09}.SingleImage|x86.Build.0 = AppBeta|x86
		{D49B479D-3D9A-4F03-A859-9E0C3A615326}.AppRelease|Any CPU.ActiveCfg = AppRelease|x86
		{D49B479D-3D9A-4F03-A859-9E0C3A615326}.AppRelease|Mixed Platforms.ActiveCfg = AppRelease|x86
		{D49B479D-3D9A-4F03-A859-9E0C3A615326}.AppRelease|Mixed Platforms.Build.0 = AppRelease|x86
		{D49B479D-3D9A-4F03-A859-9E0C3A615326}.AppRelease|x64.ActiveCfg = AppRelease|x86
		{D49B479D-3D9A-4F03-A859-9E0C3A615326}.AppRelease|x86.ActiveCfg = AppRelease|x86
		{D49B479D-3D9A-4F03-A859-9E0C3A615326}.AppRelease|x86.Build.0 = AppRelease|x86
		{D49B479D-3D9A-4F03-A859-9E0C3A615326}.CD_ROM|Any CPU.ActiveCfg = AppBeta|x86
		{D49B479D-3D9A-4F03-A859-9E0C3A615326}.CD_ROM|Any CPU.Build.0 = AppBeta|x86
		{D49B479D-3D9A-4F03-A859-9E0C3A615326}.CD_ROM|Mixed Platforms.ActiveCfg = AppBeta|x86
		{D49B479D-3D9A-4F03-A859-9E0C3A615326}.CD_ROM|Mixed Platforms.Build.0 = AppBeta|x86
		{D49B479D-3D9A-4F03-A859-9E0C3A615326}.CD_ROM|x64.ActiveCfg = AppBeta|x86
		{D49B479D-3D9A-4F03-A859-9E0C3A615326}.CD_ROM|x64.Build.0 = AppBeta|x86
		{D49B479D-3D9A-4F03-A859-9E0C3A615326}.CD_ROM|x86.ActiveCfg = AppBeta|x86
		{D49B479D-3D9A-4F03-A859-9E0C3A615326}.CD_ROM|x86.Build.0 = AppBeta|x86
		{D49B479D-3D9A-4F03-A859-9E0C3A615326}.Debug|Any CPU.ActiveCfg = Debug|x86
		{D49B479D-3D9A-4F03-A859-9E0C3A615326}.Debug|Mixed Platforms.ActiveCfg = Debug|x86
		{D49B479D-3D9A-4F03-A859-9E0C3A615326}.Debug|Mixed Platforms.Build.0 = Debug|x86
		{D49B479D-3D9A-4F03-A859-9E0C3A615326}.Debug|x64.ActiveCfg = Debug|x86
		{D49B479D-3D9A-4F03-A859-9E0C3A615326}.Debug|x86.ActiveCfg = Debug|x86
		{D49B479D-3D9A-4F03-A859-9E0C3A615326}.Debug|x86.Build.0 = Debug|x86
		{D49B479D-3D9A-4F03-A859-9E0C3A615326}.DVD-5|Any CPU.ActiveCfg = AppBeta|x86
		{D49B479D-3D9A-4F03-A859-9E0C3A615326}.DVD-5|Any CPU.Build.0 = AppBeta|x86
		{D49B479D-3D9A-4F03-A859-9E0C3A615326}.DVD-5|Mixed Platforms.ActiveCfg = Debug|x86
		{D49B479D-3D9A-4F03-A859-9E0C3A615326}.DVD-5|Mixed Platforms.Build.0 = Debug|x86
		{D49B479D-3D9A-4F03-A859-9E0C3A615326}.DVD-5|x64.ActiveCfg = AppBeta|x86
		{D49B479D-3D9A-4F03-A859-9E0C3A615326}.DVD-5|x64.Build.0 = AppBeta|x86
		{D49B479D-3D9A-4F03-A859-9E0C3A615326}.DVD-5|x86.ActiveCfg = Debug|x86
		{D49B479D-3D9A-4F03-A859-9E0C3A615326}.DVD-5|x86.Build.0 = Debug|x86
		{D49B479D-3D9A-4F03-A859-9E0C3A615326}.Release|Any CPU.ActiveCfg = Release|x86
		{D49B479D-3D9A-4F03-A859-9E0C3A615326}.Release|Mixed Platforms.ActiveCfg = Release|x86
		{D49B479D-3D9A-4F03-A859-9E0C3A615326}.Release|Mixed Platforms.Build.0 = Release|x86
		{D49B479D-3D9A-4F03-A859-9E0C3A615326}.Release|x64.ActiveCfg = Release|x86
		{D49B479D-3D9A-4F03-A859-9E0C3A615326}.Release|x86.ActiveCfg = Release|x86
		{D49B479D-3D9A-4F03-A859-9E0C3A615326}.Release|x86.Build.0 = Release|x86
		{D49B479D-3D9A-4F03-A859-9E0C3A615326}.SingleImage|Any CPU.ActiveCfg = AppBeta|x86
		{D49B479D-3D9A-4F03-A859-9E0C3A615326}.SingleImage|Any CPU.Build.0 = AppBeta|x86
		{D49B479D-3D9A-4F03-A859-9E0C3A615326}.SingleImage|Mixed Platforms.ActiveCfg = AppBeta|x86
		{D49B479D-3D9A-4F03-A859-9E0C3A615326}.SingleImage|Mixed Platforms.Build.0 = AppBeta|x86
		{D49B479D-3D9A-4F03-A859-9E0C3A615326}.SingleImage|x64.ActiveCfg = AppBeta|x86
		{D49B479D-3D9A-4F03-A859-9E0C3A615326}.SingleImage|x64.Build.0 = AppBeta|x86
		{D49B479D-3D9A-4F03-A859-9E0C3A615326}.SingleImage|x86.ActiveCfg = AppBeta|x86
		{D49B479D-3D9A-4F03-A859-9E0C3A615326}.SingleImage|x86.Build.0 = AppBeta|x86
		{A79647D6-4A05-4382-8B6E-4FEC154C3222}.AppRelease|Any CPU.ActiveCfg = AppRelease|x86
		{A79647D6-4A05-4382-8B6E-4FEC154C3222}.AppRelease|Mixed Platforms.ActiveCfg = AppRelease|x86
		{A79647D6-4A05-4382-8B6E-4FEC154C3222}.AppRelease|Mixed Platforms.Build.0 = AppRelease|x86
		{A79647D6-4A05-4382-8B6E-4FEC154C3222}.AppRelease|x64.ActiveCfg = AppRelease|x86
		{A79647D6-4A05-4382-8B6E-4FEC154C3222}.AppRelease|x86.ActiveCfg = AppRelease|x86
		{A79647D6-4A05-4382-8B6E-4FEC154C3222}.AppRelease|x86.Build.0 = AppRelease|x86
		{A79647D6-4A05-4382-8B6E-4FEC154C3222}.CD_ROM|Any CPU.ActiveCfg = AppBeta|x86
		{A79647D6-4A05-4382-8B6E-4FEC154C3222}.CD_ROM|Any CPU.Build.0 = AppBeta|x86
		{A79647D6-4A05-4382-8B6E-4FEC154C3222}.CD_ROM|Mixed Platforms.ActiveCfg = AppBeta|x86
		{A79647D6-4A05-4382-8B6E-4FEC154C3222}.CD_ROM|Mixed Platforms.Build.0 = AppBeta|x86
		{A79647D6-4A05-4382-8B6E-4FEC154C3222}.CD_ROM|x64.ActiveCfg = AppBeta|x86
		{A79647D6-4A05-4382-8B6E-4FEC154C3222}.CD_ROM|x64.Build.0 = AppBeta|x86
		{A79647D6-4A05-4382-8B6E-4FEC154C3222}.CD_ROM|x86.ActiveCfg = AppBeta|x86
		{A79647D6-4A05-4382-8B6E-4FEC154C3222}.CD_ROM|x86.Build.0 = AppBeta|x86
		{A79647D6-4A05-4382-8B6E-4FEC154C3222}.Debug|Any CPU.ActiveCfg = Debug|x86
		{A79647D6-4A05-4382-8B6E-4FEC154C3222}.Debug|Mixed Platforms.ActiveCfg = Debug|x86
		{A79647D6-4A05-4382-8B6E-4FEC154C3222}.Debug|Mixed Platforms.Build.0 = Debug|x86
		{A79647D6-4A05-4382-8B6E-4FEC154C3222}.Debug|x64.ActiveCfg = Debug|x86
		{A79647D6-4A05-4382-8B6E-4FEC154C3222}.Debug|x86.ActiveCfg = Debug|x86
		{A79647D6-4A05-4382-8B6E-4FEC154C3222}.Debug|x86.Build.0 = Debug|x86
		{A79647D6-4A05-4382-8B6E-4FEC154C3222}.DVD-5|Any CPU.ActiveCfg = AppBeta|x86
		{A79647D6-4A05-4382-8B6E-4FEC154C3222}.DVD-5|Any CPU.Build.0 = AppBeta|x86
		{A79647D6-4A05-4382-8B6E-4FEC154C3222}.DVD-5|Mixed Platforms.ActiveCfg = Debug|x86
		{A79647D6-4A05-4382-8B6E-4FEC154C3222}.DVD-5|Mixed Platforms.Build.0 = Debug|x86
		{A79647D6-4A05-4382-8B6E-4FEC154C3222}.DVD-5|x64.ActiveCfg = AppBeta|x86
		{A79647D6-4A05-4382-8B6E-4FEC154C3222}.DVD-5|x64.Build.0 = AppBeta|x86
		{A79647D6-4A05-4382-8B6E-4FEC154C3222}.DVD-5|x86.ActiveCfg = Debug|x86
		{A79647D6-4A05-4382-8B6E-4FEC154C3222}.DVD-5|x86.Build.0 = Debug|x86
		{A79647D6-4A05-4382-8B6E-4FEC154C3222}.Release|Any CPU.ActiveCfg = Release|x86
		{A79647D6-4A05-4382-8B6E-4FEC154C3222}.Release|Mixed Platforms.ActiveCfg = Release|x86
		{A79647D6-4A05-4382-8B6E-4FEC154C3222}.Release|Mixed Platforms.Build.0 = Release|x86
		{A79647D6-4A05-4382-8B6E-4FEC154C3222}.Release|x64.ActiveCfg = Release|x86
		{A79647D6-4A05-4382-8B6E-4FEC154C3222}.Release|x86.ActiveCfg = Release|x86
		{A79647D6-4A05-4382-8B6E-4FEC154C3222}.Release|x86.Build.0 = Release|x86
		{A79647D6-4A05-4382-8B6E-4FEC154C3222}.SingleImage|Any CPU.ActiveCfg = AppBeta|x86
		{A79647D6-4A05-4382-8B6E-4FEC154C3222}.SingleImage|Any CPU.Build.0 = AppBeta|x86
		{A79647D6-4A05-4382-8B6E-4FEC154C3222}.SingleImage|Mixed Platforms.ActiveCfg = AppBeta|x86
		{A79647D6-4A05-4382-8B6E-4FEC154C3222}.SingleImage|Mixed Platforms.Build.0 = AppBeta|x86
		{A79647D6-4A05-4382-8B6E-4FEC154C3222}.SingleImage|x64.ActiveCfg = AppBeta|x86
		{A79647D6-4A05-4382-8B6E-4FEC154C3222}.SingleImage|x64.Build.0 = AppBeta|x86
		{A79647D6-4A05-4382-8B6E-4FEC154C3222}.SingleImage|x86.ActiveCfg = AppBeta|x86
		{A79647D6-4A05-4382-8B6E-4FEC154C3222}.SingleImage|x86.Build.0 = AppBeta|x86
		{85EE7CF0-7B4B-4820-971E-154BC9BEF28D}.AppRelease|Any CPU.ActiveCfg = Release|x86
		{85EE7CF0-7B4B-4820-971E-154BC9BEF28D}.AppRelease|Mixed Platforms.ActiveCfg = Release|x86
		{85EE7CF0-7B4B-4820-971E-154BC9BEF28D}.AppRelease|Mixed Platforms.Build.0 = Release|x86
		{85EE7CF0-7B4B-4820-971E-154BC9BEF28D}.AppRelease|x64.ActiveCfg = AppBeta|x86
		{85EE7CF0-7B4B-4820-971E-154BC9BEF28D}.AppRelease|x64.Build.0 = AppBeta|x86
		{85EE7CF0-7B4B-4820-971E-154BC9BEF28D}.AppRelease|x86.ActiveCfg = Release|x86
		{85EE7CF0-7B4B-4820-971E-154BC9BEF28D}.AppRelease|x86.Build.0 = Release|x86
		{85EE7CF0-7B4B-4820-971E-154BC9BEF28D}.CD_ROM|Any CPU.ActiveCfg = Debug|x86
		{85EE7CF0-7B4B-4820-971E-154BC9BEF28D}.CD_ROM|Any CPU.Build.0 = Debug|x86
		{85EE7CF0-7B4B-4820-971E-154BC9BEF28D}.CD_ROM|Mixed Platforms.ActiveCfg = Debug|x86
		{85EE7CF0-7B4B-4820-971E-154BC9BEF28D}.CD_ROM|Mixed Platforms.Build.0 = Debug|x86
		{85EE7CF0-7B4B-4820-971E-154BC9BEF28D}.CD_ROM|x64.ActiveCfg = Debug|x86
		{85EE7CF0-7B4B-4820-971E-154BC9BEF28D}.CD_ROM|x64.Build.0 = Debug|x86
		{85EE7CF0-7B4B-4820-971E-154BC9BEF28D}.CD_ROM|x86.ActiveCfg = Debug|x86
		{85EE7CF0-7B4B-4820-971E-154BC9BEF28D}.CD_ROM|x86.Build.0 = Debug|x86
		{85EE7CF0-7B4B-4820-971E-154BC9BEF28D}.Debug|Any CPU.ActiveCfg = Debug|x86
		{85EE7CF0-7B4B-4820-971E-154BC9BEF28D}.Debug|Mixed Platforms.ActiveCfg = Debug|x86
		{85EE7CF0-7B4B-4820-971E-154BC9BEF28D}.Debug|Mixed Platforms.Build.0 = Debug|x86
		{85EE7CF0-7B4B-4820-971E-154BC9BEF28D}.Debug|x64.ActiveCfg = Debug|x86
		{85EE7CF0-7B4B-4820-971E-154BC9BEF28D}.Debug|x86.ActiveCfg = Debug|x86
		{85EE7CF0-7B4B-4820-971E-154BC9BEF28D}.Debug|x86.Build.0 = Debug|x86
		{85EE7CF0-7B4B-4820-971E-154BC9BEF28D}.DVD-5|Any CPU.ActiveCfg = Debug|x86
		{85EE7CF0-7B4B-4820-971E-154BC9BEF28D}.DVD-5|Any CPU.Build.0 = Debug|x86
		{85EE7CF0-7B4B-4820-971E-154BC9BEF28D}.DVD-5|Mixed Platforms.ActiveCfg = Debug|x86
		{85EE7CF0-7B4B-4820-971E-154BC9BEF28D}.DVD-5|Mixed Platforms.Build.0 = Debug|x86
		{85EE7CF0-7B4B-4820-971E-154BC9BEF28D}.DVD-5|x64.ActiveCfg = Debug|x86
		{85EE7CF0-7B4B-4820-971E-154BC9BEF28D}.DVD-5|x64.Build.0 = Debug|x86
		{85EE7CF0-7B4B-4820-971E-154BC9BEF28D}.DVD-5|x86.ActiveCfg = Debug|x86
		{85EE7CF0-7B4B-4820-971E-154BC9BEF28D}.DVD-5|x86.Build.0 = Debug|x86
		{85EE7CF0-7B4B-4820-971E-154BC9BEF28D}.Release|Any CPU.ActiveCfg = Release|x86
		{85EE7CF0-7B4B-4820-971E-154BC9BEF28D}.Release|Mixed Platforms.ActiveCfg = Release|x86
		{85EE7CF0-7B4B-4820-971E-154BC9BEF28D}.Release|Mixed Platforms.Build.0 = Release|x86
		{85EE7CF0-7B4B-4820-971E-154BC9BEF28D}.Release|x64.ActiveCfg = Release|x86
		{85EE7CF0-7B4B-4820-971E-154BC9BEF28D}.Release|x86.ActiveCfg = Release|x86
		{85EE7CF0-7B4B-4820-971E-154BC9BEF28D}.Release|x86.Build.0 = Release|x86
		{85EE7CF0-7B4B-4820-971E-154BC9BEF28D}.SingleImage|Any CPU.ActiveCfg = Debug|x86
		{85EE7CF0-7B4B-4820-971E-154BC9BEF28D}.SingleImage|Any CPU.Build.0 = Debug|x86
		{85EE7CF0-7B4B-4820-971E-154BC9BEF28D}.SingleImage|Mixed Platforms.ActiveCfg = Debug|x86
		{85EE7CF0-7B4B-4820-971E-154BC9BEF28D}.SingleImage|Mixed Platforms.Build.0 = Debug|x86
		{85EE7CF0-7B4B-4820-971E-154BC9BEF28D}.SingleImage|x64.ActiveCfg = Debug|x86
		{85EE7CF0-7B4B-4820-971E-154BC9BEF28D}.SingleImage|x64.Build.0 = Debug|x86
		{85EE7CF0-7B4B-4820-971E-154BC9BEF28D}.SingleImage|x86.ActiveCfg = Debug|x86
		{85EE7CF0-7B4B-4820-971E-154BC9BEF28D}.SingleImage|x86.Build.0 = Debug|x86
		{B4B2C2FD-9FE7-48A9-BBC5-4D1FF1045E2A}.AppRelease|Any CPU.ActiveCfg = Release|x86
		{B4B2C2FD-9FE7-48A9-BBC5-4D1FF1045E2A}.AppRelease|Mixed Platforms.ActiveCfg = Release|x86
		{B4B2C2FD-9FE7-48A9-BBC5-4D1FF1045E2A}.AppRelease|Mixed Platforms.Build.0 = Release|x86
		{B4B2C2FD-9FE7-48A9-BBC5-4D1FF1045E2A}.AppRelease|x64.ActiveCfg = AppBeta|x86
		{B4B2C2FD-9FE7-48A9-BBC5-4D1FF1045E2A}.AppRelease|x64.Build.0 = AppBeta|x86
		{B4B2C2FD-9FE7-48A9-BBC5-4D1FF1045E2A}.AppRelease|x86.ActiveCfg = Release|x86
		{B4B2C2FD-9FE7-48A9-BBC5-4D1FF1045E2A}.AppRelease|x86.Build.0 = Release|x86
		{B4B2C2FD-9FE7-48A9-BBC5-4D1FF1045E2A}.CD_ROM|Any CPU.ActiveCfg = Debug|x86
		{B4B2C2FD-9FE7-48A9-BBC5-4D1FF1045E2A}.CD_ROM|Any CPU.Build.0 = Debug|x86
		{B4B2C2FD-9FE7-48A9-BBC5-4D1FF1045E2A}.CD_ROM|Mixed Platforms.ActiveCfg = Debug|x86
		{B4B2C2FD-9FE7-48A9-BBC5-4D1FF1045E2A}.CD_ROM|Mixed Platforms.Build.0 = Debug|x86
		{B4B2C2FD-9FE7-48A9-BBC5-4D1FF1045E2A}.CD_ROM|x64.ActiveCfg = Debug|x86
		{B4B2C2FD-9FE7-48A9-BBC5-4D1FF1045E2A}.CD_ROM|x64.Build.0 = Debug|x86
		{B4B2C2FD-9FE7-48A9-BBC5-4D1FF1045E2A}.CD_ROM|x86.ActiveCfg = Debug|x86
		{B4B2C2FD-9FE7-48A9-BBC5-4D1FF1045E2A}.CD_ROM|x86.Build.0 = Debug|x86
		{B4B2C2FD-9FE7-48A9-BBC5-4D1FF1045E2A}.Debug|Any CPU.ActiveCfg = Debug|x86
		{B4B2C2FD-9FE7-48A9-BBC5-4D1FF1045E2A}.Debug|Mixed Platforms.ActiveCfg = Debug|x86
		{B4B2C2FD-9FE7-48A9-BBC5-4D1FF1045E2A}.Debug|Mixed Platforms.Build.0 = Debug|x86
		{B4B2C2FD-9FE7-48A9-BBC5-4D1FF1045E2A}.Debug|x64.ActiveCfg = Debug|x86
		{B4B2C2FD-9FE7-48A9-BBC5-4D1FF1045E2A}.Debug|x86.ActiveCfg = Debug|x86
		{B4B2C2FD-9FE7-48A9-BBC5-4D1FF1045E2A}.Debug|x86.Build.0 = Debug|x86
		{B4B2C2FD-9FE7-48A9-BBC5-4D1FF1045E2A}.DVD-5|Any CPU.ActiveCfg = Debug|x86
		{B4B2C2FD-9FE7-48A9-BBC5-4D1FF1045E2A}.DVD-5|Any CPU.Build.0 = Debug|x86
		{B4B2C2FD-9FE7-48A9-BBC5-4D1FF1045E2A}.DVD-5|Mixed Platforms.ActiveCfg = Debug|x86
		{B4B2C2FD-9FE7-48A9-BBC5-4D1FF1045E2A}.DVD-5|Mixed Platforms.Build.0 = Debug|x86
		{B4B2C2FD-9FE7-48A9-BBC5-4D1FF1045E2A}.DVD-5|x64.ActiveCfg = Debug|x86
		{B4B2C2FD-9FE7-48A9-BBC5-4D1FF1045E2A}.DVD-5|x64.Build.0 = Debug|x86
		{B4B2C2FD-9FE7-48A9-BBC5-4D1FF1045E2A}.DVD-5|x86.ActiveCfg = Debug|x86
		{B4B2C2FD-9FE7-48A9-BBC5-4D1FF1045E2A}.DVD-5|x86.Build.0 = Debug|x86
		{B4B2C2FD-9FE7-48A9-BBC5-4D1FF1045E2A}.Release|Any CPU.ActiveCfg = Release|x86
		{B4B2C2FD-9FE7-48A9-BBC5-4D1FF1045E2A}.Release|Mixed Platforms.ActiveCfg = Release|x86
		{B4B2C2FD-9FE7-48A9-BBC5-4D1FF1045E2A}.Release|Mixed Platforms.Build.0 = Release|x86
		{B4B2C2FD-9FE7-48A9-BBC5-4D1FF1045E2A}.Release|x64.ActiveCfg = Release|x86
		{B4B2C2FD-9FE7-48A9-BBC5-4D1FF1045E2A}.Release|x86.ActiveCfg = Release|x86
		{B4B2C2FD-9FE7-48A9-BBC5-4D1FF1045E2A}.Release|x86.Build.0 = Release|x86
		{B4B2C2FD-9FE7-48A9-BBC5-4D1FF1045E2A}.SingleImage|Any CPU.ActiveCfg = Debug|x86
		{B4B2C2FD-9FE7-48A9-BBC5-4D1FF1045E2A}.SingleImage|Any CPU.Build.0 = Debug|x86
		{B4B2C2FD-9FE7-48A9-BBC5-4D1FF1045E2A}.SingleImage|Mixed Platforms.ActiveCfg = Debug|x86
		{B4B2C2FD-9FE7-48A9-BBC5-4D1FF1045E2A}.SingleImage|Mixed Platforms.Build.0 = Debug|x86
		{B4B2C2FD-9FE7-48A9-BBC5-4D1FF1045E2A}.SingleImage|x64.ActiveCfg = Debug|x86
		{B4B2C2FD-9FE7-48A9-BBC5-4D1FF1045E2A}.SingleImage|x64.Build.0 = Debug|x86
		{B4B2C2FD-9FE7-48A9-BBC5-4D1FF1045E2A}.SingleImage|x86.ActiveCfg = Debug|x86
		{B4B2C2FD-9FE7-48A9-BBC5-4D1FF1045E2A}.SingleImage|x86.Build.0 = Debug|x86
		{E252FF08-F527-4A42-9A69-D28F4AE6052D}.AppRelease|Any CPU.ActiveCfg = Release|x86
		{E252FF08-F527-4A42-9A69-D28F4AE6052D}.AppRelease|Mixed Platforms.ActiveCfg = Release|x86
		{E252FF08-F527-4A42-9A69-D28F4AE6052D}.AppRelease|Mixed Platforms.Build.0 = Release|x86
		{E252FF08-F527-4A42-9A69-D28F4AE6052D}.AppRelease|x64.ActiveCfg = AppBeta|x86
		{E252FF08-F527-4A42-9A69-D28F4AE6052D}.AppRelease|x64.Build.0 = AppBeta|x86
		{E252FF08-F527-4A42-9A69-D28F4AE6052D}.AppRelease|x86.ActiveCfg = Release|x86
		{E252FF08-F527-4A42-9A69-D28F4AE6052D}.AppRelease|x86.Build.0 = Release|x86
		{E252FF08-F527-4A42-9A69-D28F4AE6052D}.CD_ROM|Any CPU.ActiveCfg = Debug|x86
		{E252FF08-F527-4A42-9A69-D28F4AE6052D}.CD_ROM|Any CPU.Build.0 = Debug|x86
		{E252FF08-F527-4A42-9A69-D28F4AE6052D}.CD_ROM|Mixed Platforms.ActiveCfg = Debug|x86
		{E252FF08-F527-4A42-9A69-D28F4AE6052D}.CD_ROM|Mixed Platforms.Build.0 = Debug|x86
		{E252FF08-F527-4A42-9A69-D28F4AE6052D}.CD_ROM|x64.ActiveCfg = Debug|x86
		{E252FF08-F527-4A42-9A69-D28F4AE6052D}.CD_ROM|x64.Build.0 = Debug|x86
		{E252FF08-F527-4A42-9A69-D28F4AE6052D}.CD_ROM|x86.ActiveCfg = Debug|x86
		{E252FF08-F527-4A42-9A69-D28F4AE6052D}.CD_ROM|x86.Build.0 = Debug|x86
		{E252FF08-F527-4A42-9A69-D28F4AE6052D}.Debug|Any CPU.ActiveCfg = Debug|x86
		{E252FF08-F527-4A42-9A69-D28F4AE6052D}.Debug|Mixed Platforms.ActiveCfg = Debug|x86
		{E252FF08-F527-4A42-9A69-D28F4AE6052D}.Debug|Mixed Platforms.Build.0 = Debug|x86
		{E252FF08-F527-4A42-9A69-D28F4AE6052D}.Debug|x64.ActiveCfg = Debug|x86
		{E252FF08-F527-4A42-9A69-D28F4AE6052D}.Debug|x86.ActiveCfg = Debug|x86
		{E252FF08-F527-4A42-9A69-D28F4AE6052D}.Debug|x86.Build.0 = Debug|x86
		{E252FF08-F527-4A42-9A69-D28F4AE6052D}.DVD-5|Any CPU.ActiveCfg = Debug|x86
		{E252FF08-F527-4A42-9A69-D28F4AE6052D}.DVD-5|Any CPU.Build.0 = Debug|x86
		{E252FF08-F527-4A42-9A69-D28F4AE6052D}.DVD-5|Mixed Platforms.ActiveCfg = Debug|x86
		{E252FF08-F527-4A42-9A69-D28F4AE6052D}.DVD-5|Mixed Platforms.Build.0 = Debug|x86
		{E252FF08-F527-4A42-9A69-D28F4AE6052D}.DVD-5|x64.ActiveCfg = Debug|x86
		{E252FF08-F527-4A42-9A69-D28F4AE6052D}.DVD-5|x64.Build.0 = Debug|x86
		{E252FF08-F527-4A42-9A69-D28F4AE6052D}.DVD-5|x86.ActiveCfg = Debug|x86
		{E252FF08-F527-4A42-9A69-D28F4AE6052D}.DVD-5|x86.Build.0 = Debug|x86
		{E252FF08-F527-4A42-9A69-D28F4AE6052D}.Release|Any CPU.ActiveCfg = Release|x86
		{E252FF08-F527-4A42-9A69-D28F4AE6052D}.Release|Mixed Platforms.ActiveCfg = Release|x86
		{E252FF08-F527-4A42-9A69-D28F4AE6052D}.Release|Mixed Platforms.Build.0 = Release|x86
		{E252FF08-F527-4A42-9A69-D28F4AE6052D}.Release|x64.ActiveCfg = Release|x86
		{E252FF08-F527-4A42-9A69-D28F4AE6052D}.Release|x86.ActiveCfg = Release|x86
		{E252FF08-F527-4A42-9A69-D28F4AE6052D}.Release|x86.Build.0 = Release|x86
		{E252FF08-F527-4A42-9A69-D28F4AE6052D}.SingleImage|Any CPU.ActiveCfg = Debug|x86
		{E252FF08-F527-4A42-9A69-D28F4AE6052D}.SingleImage|Any CPU.Build.0 = Debug|x86
		{E252FF08-F527-4A42-9A69-D28F4AE6052D}.SingleImage|Mixed Platforms.ActiveCfg = Debug|x86
		{E252FF08-F527-4A42-9A69-D28F4AE6052D}.SingleImage|Mixed Platforms.Build.0 = Debug|x86
		{E252FF08-F527-4A42-9A69-D28F4AE6052D}.SingleImage|x64.ActiveCfg = Debug|x86
		{E252FF08-F527-4A42-9A69-D28F4AE6052D}.SingleImage|x64.Build.0 = Debug|x86
		{E252FF08-F527-4A42-9A69-D28F4AE6052D}.SingleImage|x86.ActiveCfg = Debug|x86
		{E252FF08-F527-4A42-9A69-D28F4AE6052D}.SingleImage|x86.Build.0 = Debug|x86
		{19FB9DF6-5C82-439D-94C7-521E6EAF3FF3}.AppRelease|Any CPU.ActiveCfg = Release|x86
		{19FB9DF6-5C82-439D-94C7-521E6EAF3FF3}.AppRelease|Mixed Platforms.ActiveCfg = Release|x86
		{19FB9DF6-5C82-439D-94C7-521E6EAF3FF3}.AppRelease|Mixed Platforms.Build.0 = Release|x86
		{19FB9DF6-5C82-439D-94C7-521E6EAF3FF3}.AppRelease|x64.ActiveCfg = AppBeta|x86
		{19FB9DF6-5C82-439D-94C7-521E6EAF3FF3}.AppRelease|x64.Build.0 = AppBeta|x86
		{19FB9DF6-5C82-439D-94C7-521E6EAF3FF3}.AppRelease|x86.ActiveCfg = Release|x86
		{19FB9DF6-5C82-439D-94C7-521E6EAF3FF3}.AppRelease|x86.Build.0 = Release|x86
		{19FB9DF6-5C82-439D-94C7-521E6EAF3FF3}.CD_ROM|Any CPU.ActiveCfg = Debug|x86
		{19FB9DF6-5C82-439D-94C7-521E6EAF3FF3}.CD_ROM|Any CPU.Build.0 = Debug|x86
		{19FB9DF6-5C82-439D-94C7-521E6EAF3FF3}.CD_ROM|Mixed Platforms.ActiveCfg = Debug|x86
		{19FB9DF6-5C82-439D-94C7-521E6EAF3FF3}.CD_ROM|Mixed Platforms.Build.0 = Debug|x86
		{19FB9DF6-5C82-439D-94C7-521E6EAF3FF3}.CD_ROM|x64.ActiveCfg = Debug|x86
		{19FB9DF6-5C82-439D-94C7-521E6EAF3FF3}.CD_ROM|x64.Build.0 = Debug|x86
		{19FB9DF6-5C82-439D-94C7-521E6EAF3FF3}.CD_ROM|x86.ActiveCfg = Debug|x86
		{19FB9DF6-5C82-439D-94C7-521E6EAF3FF3}.CD_ROM|x86.Build.0 = Debug|x86
		{19FB9DF6-5C82-439D-94C7-521E6EAF3FF3}.Debug|Any CPU.ActiveCfg = Debug|x86
		{19FB9DF6-5C82-439D-94C7-521E6EAF3FF3}.Debug|Mixed Platforms.ActiveCfg = Debug|x86
		{19FB9DF6-5C82-439D-94C7-521E6EAF3FF3}.Debug|Mixed Platforms.Build.0 = Debug|x86
		{19FB9DF6-5C82-439D-94C7-521E6EAF3FF3}.Debug|x64.ActiveCfg = Debug|x86
		{19FB9DF6-5C82-439D-94C7-521E6EAF3FF3}.Debug|x86.ActiveCfg = Debug|x86
		{19FB9DF6-5C82-439D-94C7-521E6EAF3FF3}.Debug|x86.Build.0 = Debug|x86
		{19FB9DF6-5C82-439D-94C7-521E6EAF3FF3}.DVD-5|Any CPU.ActiveCfg = Debug|x86
		{19FB9DF6-5C82-439D-94C7-521E6EAF3FF3}.DVD-5|Any CPU.Build.0 = Debug|x86
		{19FB9DF6-5C82-439D-94C7-521E6EAF3FF3}.DVD-5|Mixed Platforms.ActiveCfg = Debug|x86
		{19FB9DF6-5C82-439D-94C7-521E6EAF3FF3}.DVD-5|Mixed Platforms.Build.0 = Debug|x86
		{19FB9DF6-5C82-439D-94C7-521E6EAF3FF3}.DVD-5|x64.ActiveCfg = Debug|x86
		{19FB9DF6-5C82-439D-94C7-521E6EAF3FF3}.DVD-5|x64.Build.0 = Debug|x86
		{19FB9DF6-5C82-439D-94C7-521E6EAF3FF3}.DVD-5|x86.ActiveCfg = Debug|x86
		{19FB9DF6-5C82-439D-94C7-521E6EAF3FF3}.DVD-5|x86.Build.0 = Debug|x86
		{19FB9DF6-5C82-439D-94C7-521E6EAF3FF3}.Release|Any CPU.ActiveCfg = Release|x86
		{19FB9DF6-5C82-439D-94C7-521E6EAF3FF3}.Release|Mixed Platforms.ActiveCfg = Release|x86
		{19FB9DF6-5C82-439D-94C7-521E6EAF3FF3}.Release|Mixed Platforms.Build.0 = Release|x86
		{19FB9DF6-5C82-439D-94C7-521E6EAF3FF3}.Release|x64.ActiveCfg = Release|x86
		{19FB9DF6-5C82-439D-94C7-521E6EAF3FF3}.Release|x86.ActiveCfg = Release|x86
		{19FB9DF6-5C82-439D-94C7-521E6EAF3FF3}.Release|x86.Build.0 = Release|x86
		{19FB9DF6-5C82-439D-94C7-521E6EAF3FF3}.SingleImage|Any CPU.ActiveCfg = Debug|x86
		{19FB9DF6-5C82-439D-94C7-521E6EAF3FF3}.SingleImage|Any CPU.Build.0 = Debug|x86
		{19FB9DF6-5C82-439D-94C7-521E6EAF3FF3}.SingleImage|Mixed Platforms.ActiveCfg = Debug|x86
		{19FB9DF6-5C82-439D-94C7-521E6EAF3FF3}.SingleImage|Mixed Platforms.Build.0 = Debug|x86
		{19FB9DF6-5C82-439D-94C7-521E6EAF3FF3}.SingleImage|x64.ActiveCfg = Debug|x86
		{19FB9DF6-5C82-439D-94C7-521E6EAF3FF3}.SingleImage|x64.Build.0 = Debug|x86
		{19FB9DF6-5C82-439D-94C7-521E6EAF3FF3}.SingleImage|x86.ActiveCfg = Debug|x86
		{19FB9DF6-5C82-439D-94C7-521E6EAF3FF3}.SingleImage|x86.Build.0 = Debug|x86
		{BA7F7E8A-B089-4323-8C8D-F406E7AFCDBE}.AppRelease|Any CPU.ActiveCfg = Release|x86
		{BA7F7E8A-B089-4323-8C8D-F406E7AFCDBE}.AppRelease|Mixed Platforms.ActiveCfg = Release|x86
		{BA7F7E8A-B089-4323-8C8D-F406E7AFCDBE}.AppRelease|Mixed Platforms.Build.0 = Release|x86
		{BA7F7E8A-B089-4323-8C8D-F406E7AFCDBE}.AppRelease|x64.ActiveCfg = AppBeta|x86
		{BA7F7E8A-B089-4323-8C8D-F406E7AFCDBE}.AppRelease|x64.Build.0 = AppBeta|x86
		{BA7F7E8A-B089-4323-8C8D-F406E7AFCDBE}.AppRelease|x86.ActiveCfg = Release|x86
		{BA7F7E8A-B089-4323-8C8D-F406E7AFCDBE}.AppRelease|x86.Build.0 = Release|x86
		{BA7F7E8A-B089-4323-8C8D-F406E7AFCDBE}.CD_ROM|Any CPU.ActiveCfg = Debug|x86
		{BA7F7E8A-B089-4323-8C8D-F406E7AFCDBE}.CD_ROM|Any CPU.Build.0 = Debug|x86
		{BA7F7E8A-B089-4323-8C8D-F406E7AFCDBE}.CD_ROM|Mixed Platforms.ActiveCfg = Debug|x86
		{BA7F7E8A-B089-4323-8C8D-F406E7AFCDBE}.CD_ROM|Mixed Platforms.Build.0 = Debug|x86
		{BA7F7E8A-B089-4323-8C8D-F406E7AFCDBE}.CD_ROM|x64.ActiveCfg = Debug|x86
		{BA7F7E8A-B089-4323-8C8D-F406E7AFCDBE}.CD_ROM|x64.Build.0 = Debug|x86
		{BA7F7E8A-B089-4323-8C8D-F406E7AFCDBE}.CD_ROM|x86.ActiveCfg = Debug|x86
		{BA7F7E8A-B089-4323-8C8D-F406E7AFCDBE}.CD_ROM|x86.Build.0 = Debug|x86
		{BA7F7E8A-B089-4323-8C8D-F406E7AFCDBE}.Debug|Any CPU.ActiveCfg = Debug|x86
		{BA7F7E8A-B089-4323-8C8D-F406E7AFCDBE}.Debug|Mixed Platforms.ActiveCfg = Debug|x86
		{BA7F7E8A-B089-4323-8C8D-F406E7AFCDBE}.Debug|Mixed Platforms.Build.0 = Debug|x86
		{BA7F7E8A-B089-4323-8C8D-F406E7AFCDBE}.Debug|x64.ActiveCfg = Debug|x86
		{BA7F7E8A-B089-4323-8C8D-F406E7AFCDBE}.Debug|x86.ActiveCfg = Debug|x86
		{BA7F7E8A-B089-4323-8C8D-F406E7AFCDBE}.Debug|x86.Build.0 = Debug|x86
		{BA7F7E8A-B089-4323-8C8D-F406E7AFCDBE}.DVD-5|Any CPU.ActiveCfg = Debug|x86
		{BA7F7E8A-B089-4323-8C8D-F406E7AFCDBE}.DVD-5|Any CPU.Build.0 = Debug|x86
		{BA7F7E8A-B089-4323-8C8D-F406E7AFCDBE}.DVD-5|Mixed Platforms.ActiveCfg = Debug|x86
		{BA7F7E8A-B089-4323-8C8D-F406E7AFCDBE}.DVD-5|Mixed Platforms.Build.0 = Debug|x86
		{BA7F7E8A-B089-4323-8C8D-F406E7AFCDBE}.DVD-5|x64.ActiveCfg = Debug|x86
		{BA7F7E8A-B089-4323-8C8D-F406E7AFCDBE}.DVD-5|x64.Build.0 = Debug|x86
		{BA7F7E8A-B089-4323-8C8D-F406E7AFCDBE}.DVD-5|x86.ActiveCfg = Debug|x86
		{BA7F7E8A-B089-4323-8C8D-F406E7AFCDBE}.DVD-5|x86.Build.0 = Debug|x86
		{BA7F7E8A-B089-4323-8C8D-F406E7AFCDBE}.Release|Any CPU.ActiveCfg = Release|x86
		{BA7F7E8A-B089-4323-8C8D-F406E7AFCDBE}.Release|Mixed Platforms.ActiveCfg = Release|x86
		{BA7F7E8A-B089-4323-8C8D-F406E7AFCDBE}.Release|Mixed Platforms.Build.0 = Release|x86
		{BA7F7E8A-B089-4323-8C8D-F406E7AFCDBE}.Release|x64.ActiveCfg = Release|x86
		{BA7F7E8A-B089-4323-8C8D-F406E7AFCDBE}.Release|x86.ActiveCfg = Release|x86
		{BA7F7E8A-B089-4323-8C8D-F406E7AFCDBE}.Release|x86.Build.0 = Release|x86
		{BA7F7E8A-B089-4323-8C8D-F406E7AFCDBE}.SingleImage|Any CPU.ActiveCfg = Debug|x86
		{BA7F7E8A-B089-4323-8C8D-F406E7AFCDBE}.SingleImage|Any CPU.Build.0 = Debug|x86
		{BA7F7E8A-B089-4323-8C8D-F406E7AFCDBE}.SingleImage|Mixed Platforms.ActiveCfg = Debug|x86
		{BA7F7E8A-B089-4323-8C8D-F406E7AFCDBE}.SingleImage|Mixed Platforms.Build.0 = Debug|x86
		{BA7F7E8A-B089-4323-8C8D-F406E7AFCDBE}.SingleImage|x64.ActiveCfg = Debug|x86
		{BA7F7E8A-B089-4323-8C8D-F406E7AFCDBE}.SingleImage|x64.Build.0 = Debug|x86
		{BA7F7E8A-B089-4323-8C8D-F406E7AFCDBE}.SingleImage|x86.ActiveCfg = Debug|x86
		{BA7F7E8A-B089-4323-8C8D-F406E7AFCDBE}.SingleImage|x86.Build.0 = Debug|x86
		{79DDD0CE-6F79-4212-A972-8618AD6E405F}.AppRelease|Any CPU.ActiveCfg = Release|Any CPU
		{79DDD0CE-6F79-4212-A972-8618AD6E405F}.AppRelease|Any CPU.Build.0 = Release|Any CPU
		{79DDD0CE-6F79-4212-A972-8618AD6E405F}.AppRelease|Mixed Platforms.ActiveCfg = Release|Any CPU
		{79DDD0CE-6F79-4212-A972-8618AD6E405F}.AppRelease|Mixed Platforms.Build.0 = Release|Any CPU
		{79DDD0CE-6F79-4212-A972-8618AD6E405F}.AppRelease|x64.ActiveCfg = AppBeta|x64
		{79DDD0CE-6F79-4212-A972-8618AD6E405F}.AppRelease|x64.Build.0 = Release|x64
		{79DDD0CE-6F79-4212-A972-8618AD6E405F}.AppRelease|x86.ActiveCfg = Release|Any CPU
		{79DDD0CE-6F79-4212-A972-8618AD6E405F}.CD_ROM|Any CPU.ActiveCfg = AppBeta|Any CPU
		{79DDD0CE-6F79-4212-A972-8618AD6E405F}.CD_ROM|Any CPU.Build.0 = AppBeta|Any CPU
		{79DDD0CE-6F79-4212-A972-8618AD6E405F}.CD_ROM|Mixed Platforms.ActiveCfg = AppBeta|Any CPU
		{79DDD0CE-6F79-4212-A972-8618AD6E405F}.CD_ROM|Mixed Platforms.Build.0 = AppBeta|Any CPU
		{79DDD0CE-6F79-4212-A972-8618AD6E405F}.CD_ROM|x64.ActiveCfg = Debug|x64
		{79DDD0CE-6F79-4212-A972-8618AD6E405F}.CD_ROM|x64.Build.0 = Debug|x64
		{79DDD0CE-6F79-4212-A972-8618AD6E405F}.CD_ROM|x86.ActiveCfg = AppBeta|Any CPU
		{79DDD0CE-6F79-4212-A972-8618AD6E405F}.CD_ROM|x86.Build.0 = AppBeta|Any CPU
		{79DDD0CE-6F79-4212-A972-8618AD6E405F}.Debug|Any CPU.ActiveCfg = Debug|Any CPU
		{79DDD0CE-6F79-4212-A972-8618AD6E405F}.Debug|Any CPU.Build.0 = Debug|Any CPU
		{79DDD0CE-6F79-4212-A972-8618AD6E405F}.Debug|Mixed Platforms.ActiveCfg = Debug|Any CPU
		{79DDD0CE-6F79-4212-A972-8618AD6E405F}.Debug|Mixed Platforms.Build.0 = Debug|Any CPU
		{79DDD0CE-6F79-4212-A972-8618AD6E405F}.Debug|x64.ActiveCfg = Debug|x64
		{79DDD0CE-6F79-4212-A972-8618AD6E405F}.Debug|x64.Build.0 = Debug|x64
		{79DDD0CE-6F79-4212-A972-8618AD6E405F}.Debug|x86.ActiveCfg = Debug|Any CPU
		{79DDD0CE-6F79-4212-A972-8618AD6E405F}.Debug|x86.Build.0 = Debug|Any CPU
		{79DDD0CE-6F79-4212-A972-8618AD6E405F}.DVD-5|Any CPU.ActiveCfg = Debug|Any CPU
		{79DDD0CE-6F79-4212-A972-8618AD6E405F}.DVD-5|Any CPU.Build.0 = Debug|Any CPU
		{79DDD0CE-6F79-4212-A972-8618AD6E405F}.DVD-5|Mixed Platforms.ActiveCfg = Debug|Any CPU
		{79DDD0CE-6F79-4212-A972-8618AD6E405F}.DVD-5|Mixed Platforms.Build.0 = Debug|Any CPU
		{79DDD0CE-6F79-4212-A972-8618AD6E405F}.DVD-5|x64.ActiveCfg = Debug|x64
		{79DDD0CE-6F79-4212-A972-8618AD6E405F}.DVD-5|x64.Build.0 = Debug|x64
		{79DDD0CE-6F79-4212-A972-8618AD6E405F}.DVD-5|x86.ActiveCfg = Debug|Any CPU
		{79DDD0CE-6F79-4212-A972-8618AD6E405F}.DVD-5|x86.Build.0 = Debug|Any CPU
		{79DDD0CE-6F79-4212-A972-8618AD6E405F}.Release|Any CPU.ActiveCfg = Release|Any CPU
		{79DDD0CE-6F79-4212-A972-8618AD6E405F}.Release|Any CPU.Build.0 = Release|Any CPU
		{79DDD0CE-6F79-4212-A972-8618AD6E405F}.Release|Mixed Platforms.ActiveCfg = Release|Any CPU
		{79DDD0CE-6F79-4212-A972-8618AD6E405F}.Release|Mixed Platforms.Build.0 = Release|Any CPU
		{79DDD0CE-6F79-4212-A972-8618AD6E405F}.Release|x64.ActiveCfg = Release|x64
		{79DDD0CE-6F79-4212-A972-8618AD6E405F}.Release|x64.Build.0 = Release|x64
		{79DDD0CE-6F79-4212-A972-8618AD6E405F}.Release|x86.ActiveCfg = Release|Any CPU
		{79DDD0CE-6F79-4212-A972-8618AD6E405F}.Release|x86.Build.0 = Release|Any CPU
		{79DDD0CE-6F79-4212-A972-8618AD6E405F}.SingleImage|Any CPU.ActiveCfg = AppBeta|Any CPU
		{79DDD0CE-6F79-4212-A972-8618AD6E405F}.SingleImage|Any CPU.Build.0 = AppBeta|Any CPU
		{79DDD0CE-6F79-4212-A972-8618AD6E405F}.SingleImage|Mixed Platforms.ActiveCfg = AppBeta|Any CPU
		{79DDD0CE-6F79-4212-A972-8618AD6E405F}.SingleImage|Mixed Platforms.Build.0 = AppBeta|Any CPU
		{79DDD0CE-6F79-4212-A972-8618AD6E405F}.SingleImage|x64.ActiveCfg = Debug|x64
		{79DDD0CE-6F79-4212-A972-8618AD6E405F}.SingleImage|x64.Build.0 = Debug|x64
		{79DDD0CE-6F79-4212-A972-8618AD6E405F}.SingleImage|x86.ActiveCfg = AppBeta|Any CPU
		{79DDD0CE-6F79-4212-A972-8618AD6E405F}.SingleImage|x86.Build.0 = AppBeta|Any CPU
		{DF1A76F7-8E5D-462E-A692-BAE1FF232B3C}.AppRelease|Any CPU.ActiveCfg = Release
		{DF1A76F7-8E5D-462E-A692-BAE1FF232B3C}.AppRelease|Mixed Platforms.ActiveCfg = Release
		{DF1A76F7-8E5D-462E-A692-BAE1FF232B3C}.AppRelease|x64.ActiveCfg = Release
		{DF1A76F7-8E5D-462E-A692-BAE1FF232B3C}.AppRelease|x86.ActiveCfg = Release
		{DF1A76F7-8E5D-462E-A692-BAE1FF232B3C}.CD_ROM|Any CPU.ActiveCfg = Release
		{DF1A76F7-8E5D-462E-A692-BAE1FF232B3C}.CD_ROM|Mixed Platforms.ActiveCfg = Release
		{DF1A76F7-8E5D-462E-A692-BAE1FF232B3C}.CD_ROM|x64.ActiveCfg = Release
		{DF1A76F7-8E5D-462E-A692-BAE1FF232B3C}.CD_ROM|x86.ActiveCfg = Release
		{DF1A76F7-8E5D-462E-A692-BAE1FF232B3C}.Debug|Any CPU.ActiveCfg = Debug
		{DF1A76F7-8E5D-462E-A692-BAE1FF232B3C}.Debug|Mixed Platforms.ActiveCfg = Debug
		{DF1A76F7-8E5D-462E-A692-BAE1FF232B3C}.Debug|x64.ActiveCfg = Debug
		{DF1A76F7-8E5D-462E-A692-BAE1FF232B3C}.Debug|x86.ActiveCfg = Debug
		{DF1A76F7-8E5D-462E-A692-BAE1FF232B3C}.DVD-5|Any CPU.ActiveCfg = Debug
		{DF1A76F7-8E5D-462E-A692-BAE1FF232B3C}.DVD-5|Mixed Platforms.ActiveCfg = Debug
		{DF1A76F7-8E5D-462E-A692-BAE1FF232B3C}.DVD-5|x64.ActiveCfg = Debug
		{DF1A76F7-8E5D-462E-A692-BAE1FF232B3C}.DVD-5|x86.ActiveCfg = Debug
		{DF1A76F7-8E5D-462E-A692-BAE1FF232B3C}.Release|Any CPU.ActiveCfg = Release
		{DF1A76F7-8E5D-462E-A692-BAE1FF232B3C}.Release|Mixed Platforms.ActiveCfg = Release
		{DF1A76F7-8E5D-462E-A692-BAE1FF232B3C}.Release|x64.ActiveCfg = Release
		{DF1A76F7-8E5D-462E-A692-BAE1FF232B3C}.Release|x86.ActiveCfg = Release
		{DF1A76F7-8E5D-462E-A692-BAE1FF232B3C}.SingleImage|Any CPU.ActiveCfg = Release
		{DF1A76F7-8E5D-462E-A692-BAE1FF232B3C}.SingleImage|Mixed Platforms.ActiveCfg = Release
		{DF1A76F7-8E5D-462E-A692-BAE1FF232B3C}.SingleImage|x64.ActiveCfg = Release
		{DF1A76F7-8E5D-462E-A692-BAE1FF232B3C}.SingleImage|x86.ActiveCfg = Release
	EndGlobalSection
	GlobalSection(SolutionProperties) = preSolution
		HideSolutionNode = FALSE
	EndGlobalSection
	GlobalSection(NestedProjects) = preSolution
		{D054F1ED-6A9C-4C4D-B500-7C1AF01F16C9} = {CC987F15-1B4B-4F63-95F5-E2E554C11986}
		{64DD2B7D-9069-41FF-A4E4-732F6DF82F09} = {CC987F15-1B4B-4F63-95F5-E2E554C11986}
		{D49B479D-3D9A-4F03-A859-9E0C3A615326} = {CC987F15-1B4B-4F63-95F5-E2E554C11986}
		{A79647D6-4A05-4382-8B6E-4FEC154C3222} = {CC987F15-1B4B-4F63-95F5-E2E554C11986}
		{85EE7CF0-7B4B-4820-971E-154BC9BEF28D} = {E7A90687-1511-4764-AEC7-EE47630FABF6}
		{B4B2C2FD-9FE7-48A9-BBC5-4D1FF1045E2A} = {E7A90687-1511-4764-AEC7-EE47630FABF6}
		{E252FF08-F527-4A42-9A69-D28F4AE6052D} = {CC987F15-1B4B-4F63-95F5-E2E554C11986}
		{19FB9DF6-5C82-439D-94C7-521E6EAF3FF3} = {CC987F15-1B4B-4F63-95F5-E2E554C11986}
		{BA7F7E8A-B089-4323-8C8D-F406E7AFCDBE} = {CC987F15-1B4B-4F63-95F5-E2E554C11986}
		{79DDD0CE-6F79-4212-A972-8618AD6E405F} = {CC987F15-1B4B-4F63-95F5-E2E554C11986}
	EndGlobalSection
EndGlobal
